// !$*UTF8*$!
{
	archiveVersion = 1;
	classes = {
	};
	objectVersion = 56;
	objects = {

/* Begin PBXBuildFile section */
		449D562A2C7770A700506295 /* AppDelegate.swift in Sources */ = {isa = PBXBuildFile; fileRef = 449D56292C7770A700506295 /* AppDelegate.swift */; };
		449D562C2C7770A700506295 /* SceneDelegate.swift in Sources */ = {isa = PBXBuildFile; fileRef = 449D562B2C7770A700506295 /* SceneDelegate.swift */; };
		449D56312C7770A700506295 /* Base in Resources */ = {isa = PBXBuildFile; fileRef = 449D56302C7770A700506295 /* Base */; };
		449D56332C7770AD00506295 /* Assets.xcassets in Resources */ = {isa = PBXBuildFile; fileRef = 449D56322C7770AD00506295 /* Assets.xcassets */; };
		449D56362C7770AD00506295 /* Base in Resources */ = {isa = PBXBuildFile; fileRef = 449D56352C7770AD00506295 /* Base */; };
		449D565A2C77710700506295 /* MoviesServiceLive.swift in Sources */ = {isa = PBXBuildFile; fileRef = 449D56592C77710700506295 /* MoviesServiceLive.swift */; };
		449D565F2C77866300506295 /* MoviesResponse.swift in Sources */ = {isa = PBXBuildFile; fileRef = 449D565E2C77866300506295 /* MoviesResponse.swift */; };
		449D56622C77D2AE00506295 /* NetworkServiceLive.swift in Sources */ = {isa = PBXBuildFile; fileRef = 449D56612C77D2AE00506295 /* NetworkServiceLive.swift */; };
		449D56642C78989C00506295 /* TMDBNetworkConfig.swift in Sources */ = {isa = PBXBuildFile; fileRef = 449D56632C78989C00506295 /* TMDBNetworkConfig.swift */; };
		449D566A2C7A447F00506295 /* Swinject in Frameworks */ = {isa = PBXBuildFile; productRef = 449D56692C7A447F00506295 /* Swinject */; };
		449D566F2C7A44A000506295 /* MBMovies in Frameworks */ = {isa = PBXBuildFile; productRef = 449D566E2C7A44A000506295 /* MBMovies */; };
		449D56722C7CC25900506295 /* SnapKit in Frameworks */ = {isa = PBXBuildFile; productRef = 449D56712C7CC25900506295 /* SnapKit */; };
		449D56762C7E259A00506295 /* Movie.swift in Sources */ = {isa = PBXBuildFile; fileRef = 449D56752C7E259A00506295 /* Movie.swift */; };
		44A295172C95C84F0090B831 /* MBMovies in Frameworks */ = {isa = PBXBuildFile; productRef = 44A295162C95C84F0090B831 /* MBMovies */; };
		44AFD4FA2C89F0E9009520B3 /* MBMoviesTests.swift in Sources */ = {isa = PBXBuildFile; fileRef = 44AFD4F92C89F0E9009520B3 /* MBMoviesTests.swift */; };
		44BBB3AA2C87464E0044A3B9 /* AppCoordinator.swift in Sources */ = {isa = PBXBuildFile; fileRef = 44BBB3A92C87464E0044A3B9 /* AppCoordinator.swift */; };
		44BBB3AE2C87607C0044A3B9 /* AppAssembly.swift in Sources */ = {isa = PBXBuildFile; fileRef = 44BBB3AD2C87607C0044A3B9 /* AppAssembly.swift */; };
/* End PBXBuildFile section */

/* Begin PBXContainerItemProxy section */
		44AFD4FB2C89F0E9009520B3 /* PBXContainerItemProxy */ = {
			isa = PBXContainerItemProxy;
			containerPortal = 449D561E2C7770A700506295 /* Project object */;
			proxyType = 1;
			remoteGlobalIDString = 449D56252C7770A700506295;
			remoteInfo = MoviesBrowser;
		};
/* End PBXContainerItemProxy section */

/* Begin PBXFileReference section */
		449D56262C7770A700506295 /* MoviesBrowser.app */ = {isa = PBXFileReference; explicitFileType = wrapper.application; includeInIndex = 0; path = MoviesBrowser.app; sourceTree = BUILT_PRODUCTS_DIR; };
		449D56292C7770A700506295 /* AppDelegate.swift */ = {isa = PBXFileReference; lastKnownFileType = sourcecode.swift; path = AppDelegate.swift; sourceTree = "<group>"; };
		449D562B2C7770A700506295 /* SceneDelegate.swift */ = {isa = PBXFileReference; lastKnownFileType = sourcecode.swift; path = SceneDelegate.swift; sourceTree = "<group>"; };
		449D56302C7770A700506295 /* Base */ = {isa = PBXFileReference; lastKnownFileType = file.storyboard; name = Base; path = Base.lproj/Main.storyboard; sourceTree = "<group>"; };
		449D56322C7770AD00506295 /* Assets.xcassets */ = {isa = PBXFileReference; lastKnownFileType = folder.assetcatalog; path = Assets.xcassets; sourceTree = "<group>"; };
		449D56352C7770AD00506295 /* Base */ = {isa = PBXFileReference; lastKnownFileType = file.storyboard; name = Base; path = Base.lproj/LaunchScreen.storyboard; sourceTree = "<group>"; };
		449D56372C7770AD00506295 /* Info.plist */ = {isa = PBXFileReference; lastKnownFileType = text.plist.xml; path = Info.plist; sourceTree = "<group>"; };
		449D56592C77710700506295 /* MoviesServiceLive.swift */ = {isa = PBXFileReference; lastKnownFileType = sourcecode.swift; path = MoviesServiceLive.swift; sourceTree = "<group>"; };
		449D565E2C77866300506295 /* MoviesResponse.swift */ = {isa = PBXFileReference; lastKnownFileType = sourcecode.swift; path = MoviesResponse.swift; sourceTree = "<group>"; };
		449D56612C77D2AE00506295 /* NetworkServiceLive.swift */ = {isa = PBXFileReference; lastKnownFileType = sourcecode.swift; path = NetworkServiceLive.swift; sourceTree = "<group>"; };
		449D56632C78989C00506295 /* TMDBNetworkConfig.swift */ = {isa = PBXFileReference; lastKnownFileType = sourcecode.swift; path = TMDBNetworkConfig.swift; sourceTree = "<group>"; };
		449D56752C7E259A00506295 /* Movie.swift */ = {isa = PBXFileReference; lastKnownFileType = sourcecode.swift; path = Movie.swift; sourceTree = "<group>"; };
		44A295192C95CB560090B831 /* MoviesUI */ = {isa = PBXFileReference; lastKnownFileType = wrapper; path = MoviesUI; sourceTree = "<group>"; };
		44AFD4F22C89EC5D009520B3 /* MoviesBrowser.xctestplan */ = {isa = PBXFileReference; lastKnownFileType = text; path = MoviesBrowser.xctestplan; sourceTree = "<group>"; };
		44AFD4F72C89F0E9009520B3 /* MBMoviesTests.xctest */ = {isa = PBXFileReference; explicitFileType = wrapper.cfbundle; includeInIndex = 0; path = MBMoviesTests.xctest; sourceTree = BUILT_PRODUCTS_DIR; };
		44AFD4F92C89F0E9009520B3 /* MBMoviesTests.swift */ = {isa = PBXFileReference; lastKnownFileType = sourcecode.swift; path = MBMoviesTests.swift; sourceTree = "<group>"; };
		44BBB3A92C87464E0044A3B9 /* AppCoordinator.swift */ = {isa = PBXFileReference; lastKnownFileType = sourcecode.swift; path = AppCoordinator.swift; sourceTree = "<group>"; };
		44BBB3AD2C87607C0044A3B9 /* AppAssembly.swift */ = {isa = PBXFileReference; lastKnownFileType = sourcecode.swift; path = AppAssembly.swift; sourceTree = "<group>"; };
/* End PBXFileReference section */

/* Begin PBXFrameworksBuildPhase section */
		449D56232C7770A700506295 /* Frameworks */ = {
			isa = PBXFrameworksBuildPhase;
			buildActionMask = 2147483647;
			files = (
				449D566A2C7A447F00506295 /* Swinject in Frameworks */,
				449D56722C7CC25900506295 /* SnapKit in Frameworks */,
				44A295172C95C84F0090B831 /* MBMovies in Frameworks */,
				449D566F2C7A44A000506295 /* MBMovies in Frameworks */,
			);
			runOnlyForDeploymentPostprocessing = 0;
		};
		44AFD4F42C89F0E9009520B3 /* Frameworks */ = {
			isa = PBXFrameworksBuildPhase;
			buildActionMask = 2147483647;
			files = (
			);
			runOnlyForDeploymentPostprocessing = 0;
		};
/* End PBXFrameworksBuildPhase section */

/* Begin PBXGroup section */
		449D561D2C7770A700506295 = {
			isa = PBXGroup;
			children = (
				44A295192C95CB560090B831 /* MoviesUI */,
				449D56282C7770A700506295 /* MoviesBrowser */,
				44AFD4F12C89EC1A009520B3 /* MBTests */,
				44AFD4F82C89F0E9009520B3 /* MBMoviesTests */,
				449D56272C7770A700506295 /* Products */,
				449D566B2C7A449700506295 /* Frameworks */,
			);
			sourceTree = "<group>";
		};
		449D56272C7770A700506295 /* Products */ = {
			isa = PBXGroup;
			children = (
				449D56262C7770A700506295 /* MoviesBrowser.app */,
				44AFD4F72C89F0E9009520B3 /* MBMoviesTests.xctest */,
			);
			name = Products;
			sourceTree = "<group>";
		};
		449D56282C7770A700506295 /* MoviesBrowser */ = {
			isa = PBXGroup;
			children = (
				449D56742C7E257F00506295 /* ModelDTO */,
				449D56602C77D23200506295 /* Networking */,
				44BBB3AD2C87607C0044A3B9 /* AppAssembly.swift */,
				44BBB3A92C87464E0044A3B9 /* AppCoordinator.swift */,
				449D56292C7770A700506295 /* AppDelegate.swift */,
				449D562B2C7770A700506295 /* SceneDelegate.swift */,
				449D562F2C7770A700506295 /* Main.storyboard */,
				449D56322C7770AD00506295 /* Assets.xcassets */,
				449D56342C7770AD00506295 /* LaunchScreen.storyboard */,
				449D56372C7770AD00506295 /* Info.plist */,
			);
			path = MoviesBrowser;
			sourceTree = "<group>";
		};
		449D56602C77D23200506295 /* Networking */ = {
			isa = PBXGroup;
			children = (
				449D56592C77710700506295 /* MoviesServiceLive.swift */,
				449D56612C77D2AE00506295 /* NetworkServiceLive.swift */,
				449D565E2C77866300506295 /* MoviesResponse.swift */,
				449D56632C78989C00506295 /* TMDBNetworkConfig.swift */,
			);
			path = Networking;
			sourceTree = "<group>";
		};
		449D566B2C7A449700506295 /* Frameworks */ = {
			isa = PBXGroup;
			children = (
			);
			name = Frameworks;
			sourceTree = "<group>";
		};
		449D56742C7E257F00506295 /* ModelDTO */ = {
			isa = PBXGroup;
			children = (
				449D56752C7E259A00506295 /* Movie.swift */,
			);
			path = ModelDTO;
			sourceTree = "<group>";
		};
		44AFD4F12C89EC1A009520B3 /* MBTests */ = {
			isa = PBXGroup;
			children = (
				44AFD4F22C89EC5D009520B3 /* MoviesBrowser.xctestplan */,
			);
			path = MBTests;
			sourceTree = "<group>";
		};
		44AFD4F82C89F0E9009520B3 /* MBMoviesTests */ = {
			isa = PBXGroup;
			children = (
				44AFD4F92C89F0E9009520B3 /* MBMoviesTests.swift */,
			);
			path = MBMoviesTests;
			sourceTree = "<group>";
		};
/* End PBXGroup section */

/* Begin PBXNativeTarget section */
		449D56252C7770A700506295 /* MoviesBrowser */ = {
			isa = PBXNativeTarget;
			buildConfigurationList = 449D56502C7770AD00506295 /* Build configuration list for PBXNativeTarget "MoviesBrowser" */;
			buildPhases = (
				449D56222C7770A700506295 /* Sources */,
				449D56232C7770A700506295 /* Frameworks */,
				449D56242C7770A700506295 /* Resources */,
			);
			buildRules = (
			);
			dependencies = (
				44A2951B2C95CC250090B831 /* PBXTargetDependency */,
			);
			name = MoviesBrowser;
			packageProductDependencies = (
				449D56692C7A447F00506295 /* Swinject */,
				449D566E2C7A44A000506295 /* MBMovies */,
				449D56712C7CC25900506295 /* SnapKit */,
				44A295162C95C84F0090B831 /* MBMovies */,
			);
			productName = MoviesBrowser;
			productReference = 449D56262C7770A700506295 /* MoviesBrowser.app */;
			productType = "com.apple.product-type.application";
		};
		44AFD4F62C89F0E9009520B3 /* MBMoviesTests */ = {
			isa = PBXNativeTarget;
			buildConfigurationList = 44AFD4FD2C89F0E9009520B3 /* Build configuration list for PBXNativeTarget "MBMoviesTests" */;
			buildPhases = (
				44AFD4F32C89F0E9009520B3 /* Sources */,
				44AFD4F42C89F0E9009520B3 /* Frameworks */,
				44AFD4F52C89F0E9009520B3 /* Resources */,
			);
			buildRules = (
			);
			dependencies = (
				44AFD4FC2C89F0E9009520B3 /* PBXTargetDependency */,
			);
			name = MBMoviesTests;
			productName = MBMoviesTests;
			productReference = 44AFD4F72C89F0E9009520B3 /* MBMoviesTests.xctest */;
			productType = "com.apple.product-type.bundle.unit-test";
		};
/* End PBXNativeTarget section */

/* Begin PBXProject section */
		449D561E2C7770A700506295 /* Project object */ = {
			isa = PBXProject;
			attributes = {
				BuildIndependentTargetsInParallel = 1;
				LastSwiftUpdateCheck = 1540;
				LastUpgradeCheck = 1540;
				TargetAttributes = {
					449D56252C7770A700506295 = {
						CreatedOnToolsVersion = 15.4;
					};
					44AFD4F62C89F0E9009520B3 = {
						CreatedOnToolsVersion = 15.4;
						TestTargetID = 449D56252C7770A700506295;
					};
				};
			};
			buildConfigurationList = 449D56212C7770A700506295 /* Build configuration list for PBXProject "MoviesBrowser" */;
			compatibilityVersion = "Xcode 14.0";
			developmentRegion = en;
			hasScannedForEncodings = 0;
			knownRegions = (
				en,
				Base,
			);
			mainGroup = 449D561D2C7770A700506295;
			packageReferences = (
				449D56682C7A447F00506295 /* XCRemoteSwiftPackageReference "Swinject" */,
				449D56702C7CC25900506295 /* XCRemoteSwiftPackageReference "SnapKit" */,
			);
			productRefGroup = 449D56272C7770A700506295 /* Products */;
			projectDirPath = "";
			projectRoot = "";
			targets = (
				449D56252C7770A700506295 /* MoviesBrowser */,
				44AFD4F62C89F0E9009520B3 /* MBMoviesTests */,
			);
		};
/* End PBXProject section */

/* Begin PBXResourcesBuildPhase section */
		449D56242C7770A700506295 /* Resources */ = {
			isa = PBXResourcesBuildPhase;
			buildActionMask = 2147483647;
			files = (
				449D56332C7770AD00506295 /* Assets.xcassets in Resources */,
				449D56362C7770AD00506295 /* Base in Resources */,
				449D56312C7770A700506295 /* Base in Resources */,
			);
			runOnlyForDeploymentPostprocessing = 0;
		};
		44AFD4F52C89F0E9009520B3 /* Resources */ = {
			isa = PBXResourcesBuildPhase;
			buildActionMask = 2147483647;
			files = (
			);
			runOnlyForDeploymentPostprocessing = 0;
		};
/* End PBXResourcesBuildPhase section */

/* Begin PBXSourcesBuildPhase section */
		449D56222C7770A700506295 /* Sources */ = {
			isa = PBXSourcesBuildPhase;
			buildActionMask = 2147483647;
			files = (
				449D56762C7E259A00506295 /* Movie.swift in Sources */,
				449D56642C78989C00506295 /* TMDBNetworkConfig.swift in Sources */,
				449D562A2C7770A700506295 /* AppDelegate.swift in Sources */,
				449D565A2C77710700506295 /* MoviesServiceLive.swift in Sources */,
				449D562C2C7770A700506295 /* SceneDelegate.swift in Sources */,
				449D565F2C77866300506295 /* MoviesResponse.swift in Sources */,
				44BBB3AA2C87464E0044A3B9 /* AppCoordinator.swift in Sources */,
				44BBB3AE2C87607C0044A3B9 /* AppAssembly.swift in Sources */,
				449D56622C77D2AE00506295 /* NetworkServiceLive.swift in Sources */,
			);
			runOnlyForDeploymentPostprocessing = 0;
		};
		44AFD4F32C89F0E9009520B3 /* Sources */ = {
			isa = PBXSourcesBuildPhase;
			buildActionMask = 2147483647;
			files = (
				44AFD4FA2C89F0E9009520B3 /* MBMoviesTests.swift in Sources */,
			);
			runOnlyForDeploymentPostprocessing = 0;
		};
/* End PBXSourcesBuildPhase section */

/* Begin PBXTargetDependency section */
		44A2951B2C95CC250090B831 /* PBXTargetDependency */ = {
			isa = PBXTargetDependency;
			productRef = 44A2951A2C95CC250090B831 /* MBMovies */;
		};
		44AFD4FC2C89F0E9009520B3 /* PBXTargetDependency */ = {
			isa = PBXTargetDependency;
			target = 449D56252C7770A700506295 /* MoviesBrowser */;
			targetProxy = 44AFD4FB2C89F0E9009520B3 /* PBXContainerItemProxy */;
		};
/* End PBXTargetDependency section */

/* Begin PBXVariantGroup section */
		449D562F2C7770A700506295 /* Main.storyboard */ = {
			isa = PBXVariantGroup;
			children = (
				449D56302C7770A700506295 /* Base */,
			);
			name = Main.storyboard;
			sourceTree = "<group>";
		};
		449D56342C7770AD00506295 /* LaunchScreen.storyboard */ = {
			isa = PBXVariantGroup;
			children = (
				449D56352C7770AD00506295 /* Base */,
			);
			name = LaunchScreen.storyboard;
			sourceTree = "<group>";
		};
/* End PBXVariantGroup section */

/* Begin XCBuildConfiguration section */
		449D564E2C7770AD00506295 /* Debug */ = {
			isa = XCBuildConfiguration;
			buildSettings = {
				ALWAYS_SEARCH_USER_PATHS = NO;
				ASSETCATALOG_COMPILER_GENERATE_SWIFT_ASSET_SYMBOL_EXTENSIONS = YES;
				CLANG_ANALYZER_NONNULL = YES;
				CLANG_ANALYZER_NUMBER_OBJECT_CONVERSION = YES_AGGRESSIVE;
				CLANG_CXX_LANGUAGE_STANDARD = "gnu++20";
				CLANG_ENABLE_MODULES = YES;
				CLANG_ENABLE_OBJC_ARC = YES;
				CLANG_ENABLE_OBJC_WEAK = YES;
				CLANG_WARN_BLOCK_CAPTURE_AUTORELEASING = YES;
				CLANG_WARN_BOOL_CONVERSION = YES;
				CLANG_WARN_COMMA = YES;
				CLANG_WARN_CONSTANT_CONVERSION = YES;
				CLANG_WARN_DEPRECATED_OBJC_IMPLEMENTATIONS = YES;
				CLANG_WARN_DIRECT_OBJC_ISA_USAGE = YES_ERROR;
				CLANG_WARN_DOCUMENTATION_COMMENTS = YES;
				CLANG_WARN_EMPTY_BODY = YES;
				CLANG_WARN_ENUM_CONVERSION = YES;
				CLANG_WARN_INFINITE_RECURSION = YES;
				CLANG_WARN_INT_CONVERSION = YES;
				CLANG_WARN_NON_LITERAL_NULL_CONVERSION = YES;
				CLANG_WARN_OBJC_IMPLICIT_RETAIN_SELF = YES;
				CLANG_WARN_OBJC_LITERAL_CONVERSION = YES;
				CLANG_WARN_OBJC_ROOT_CLASS = YES_ERROR;
				CLANG_WARN_QUOTED_INCLUDE_IN_FRAMEWORK_HEADER = YES;
				CLANG_WARN_RANGE_LOOP_ANALYSIS = YES;
				CLANG_WARN_STRICT_PROTOTYPES = YES;
				CLANG_WARN_SUSPICIOUS_MOVE = YES;
				CLANG_WARN_UNGUARDED_AVAILABILITY = YES_AGGRESSIVE;
				CLANG_WARN_UNREACHABLE_CODE = YES;
				CLANG_WARN__DUPLICATE_METHOD_MATCH = YES;
				COPY_PHASE_STRIP = NO;
				DEBUG_INFORMATION_FORMAT = dwarf;
				ENABLE_STRICT_OBJC_MSGSEND = YES;
				ENABLE_TESTABILITY = YES;
				ENABLE_USER_SCRIPT_SANDBOXING = YES;
				GCC_C_LANGUAGE_STANDARD = gnu17;
				GCC_DYNAMIC_NO_PIC = NO;
				GCC_NO_COMMON_BLOCKS = YES;
				GCC_OPTIMIZATION_LEVEL = 0;
				GCC_PREPROCESSOR_DEFINITIONS = (
					"DEBUG=1",
					"$(inherited)",
				);
				GCC_WARN_64_TO_32_BIT_CONVERSION = YES;
				GCC_WARN_ABOUT_RETURN_TYPE = YES_ERROR;
				GCC_WARN_UNDECLARED_SELECTOR = YES;
				GCC_WARN_UNINITIALIZED_AUTOS = YES_AGGRESSIVE;
				GCC_WARN_UNUSED_FUNCTION = YES;
				GCC_WARN_UNUSED_VARIABLE = YES;
				IPHONEOS_DEPLOYMENT_TARGET = 17.5;
				LOCALIZATION_PREFERS_STRING_CATALOGS = YES;
				MTL_ENABLE_DEBUG_INFO = INCLUDE_SOURCE;
				MTL_FAST_MATH = YES;
				ONLY_ACTIVE_ARCH = YES;
				SDKROOT = iphoneos;
				SWIFT_ACTIVE_COMPILATION_CONDITIONS = "DEBUG $(inherited)";
				SWIFT_OPTIMIZATION_LEVEL = "-Onone";
			};
			name = Debug;
		};
		449D564F2C7770AD00506295 /* Release */ = {
			isa = XCBuildConfiguration;
			buildSettings = {
				ALWAYS_SEARCH_USER_PATHS = NO;
				ASSETCATALOG_COMPILER_GENERATE_SWIFT_ASSET_SYMBOL_EXTENSIONS = YES;
				CLANG_ANALYZER_NONNULL = YES;
				CLANG_ANALYZER_NUMBER_OBJECT_CONVERSION = YES_AGGRESSIVE;
				CLANG_CXX_LANGUAGE_STANDARD = "gnu++20";
				CLANG_ENABLE_MODULES = YES;
				CLANG_ENABLE_OBJC_ARC = YES;
				CLANG_ENABLE_OBJC_WEAK = YES;
				CLANG_WARN_BLOCK_CAPTURE_AUTORELEASING = YES;
				CLANG_WARN_BOOL_CONVERSION = YES;
				CLANG_WARN_COMMA = YES;
				CLANG_WARN_CONSTANT_CONVERSION = YES;
				CLANG_WARN_DEPRECATED_OBJC_IMPLEMENTATIONS = YES;
				CLANG_WARN_DIRECT_OBJC_ISA_USAGE = YES_ERROR;
				CLANG_WARN_DOCUMENTATION_COMMENTS = YES;
				CLANG_WARN_EMPTY_BODY = YES;
				CLANG_WARN_ENUM_CONVERSION = YES;
				CLANG_WARN_INFINITE_RECURSION = YES;
				CLANG_WARN_INT_CONVERSION = YES;
				CLANG_WARN_NON_LITERAL_NULL_CONVERSION = YES;
				CLANG_WARN_OBJC_IMPLICIT_RETAIN_SELF = YES;
				CLANG_WARN_OBJC_LITERAL_CONVERSION = YES;
				CLANG_WARN_OBJC_ROOT_CLASS = YES_ERROR;
				CLANG_WARN_QUOTED_INCLUDE_IN_FRAMEWORK_HEADER = YES;
				CLANG_WARN_RANGE_LOOP_ANALYSIS = YES;
				CLANG_WARN_STRICT_PROTOTYPES = YES;
				CLANG_WARN_SUSPICIOUS_MOVE = YES;
				CLANG_WARN_UNGUARDED_AVAILABILITY = YES_AGGRESSIVE;
				CLANG_WARN_UNREACHABLE_CODE = YES;
				CLANG_WARN__DUPLICATE_METHOD_MATCH = YES;
				COPY_PHASE_STRIP = NO;
				DEBUG_INFORMATION_FORMAT = "dwarf-with-dsym";
				ENABLE_NS_ASSERTIONS = NO;
				ENABLE_STRICT_OBJC_MSGSEND = YES;
				ENABLE_USER_SCRIPT_SANDBOXING = YES;
				GCC_C_LANGUAGE_STANDARD = gnu17;
				GCC_NO_COMMON_BLOCKS = YES;
				GCC_WARN_64_TO_32_BIT_CONVERSION = YES;
				GCC_WARN_ABOUT_RETURN_TYPE = YES_ERROR;
				GCC_WARN_UNDECLARED_SELECTOR = YES;
				GCC_WARN_UNINITIALIZED_AUTOS = YES_AGGRESSIVE;
				GCC_WARN_UNUSED_FUNCTION = YES;
				GCC_WARN_UNUSED_VARIABLE = YES;
				IPHONEOS_DEPLOYMENT_TARGET = 17.5;
				LOCALIZATION_PREFERS_STRING_CATALOGS = YES;
				MTL_ENABLE_DEBUG_INFO = NO;
				MTL_FAST_MATH = YES;
				SDKROOT = iphoneos;
				SWIFT_COMPILATION_MODE = wholemodule;
				VALIDATE_PRODUCT = YES;
			};
			name = Release;
		};
		449D56512C7770AD00506295 /* Debug */ = {
			isa = XCBuildConfiguration;
			buildSettings = {
				ASSETCATALOG_COMPILER_APPICON_NAME = AppIcon;
				ASSETCATALOG_COMPILER_GLOBAL_ACCENT_COLOR_NAME = AccentColor;
				CODE_SIGN_STYLE = Automatic;
				CURRENT_PROJECT_VERSION = 1;
				GENERATE_INFOPLIST_FILE = YES;
				INFOPLIST_FILE = MoviesBrowser/Info.plist;
				INFOPLIST_KEY_UIApplicationSupportsIndirectInputEvents = YES;
				INFOPLIST_KEY_UILaunchStoryboardName = LaunchScreen;
				INFOPLIST_KEY_UIMainStoryboardFile = Main;
				INFOPLIST_KEY_UISupportedInterfaceOrientations_iPad = "UIInterfaceOrientationPortrait UIInterfaceOrientationPortraitUpsideDown UIInterfaceOrientationLandscapeLeft UIInterfaceOrientationLandscapeRight";
				INFOPLIST_KEY_UISupportedInterfaceOrientations_iPhone = "UIInterfaceOrientationPortrait UIInterfaceOrientationLandscapeLeft UIInterfaceOrientationLandscapeRight";
				LD_RUNPATH_SEARCH_PATHS = (
					"$(inherited)",
					"@executable_path/Frameworks",
				);
				MARKETING_VERSION = 1.0;
				PRODUCT_BUNDLE_IDENTIFIER = Eugene.MoviesBrowser;
				PRODUCT_NAME = "$(TARGET_NAME)";
				SUPPORTED_PLATFORMS = "iphoneos iphonesimulator";
				SUPPORTS_MACCATALYST = NO;
				SUPPORTS_XR_DESIGNED_FOR_IPHONE_IPAD = NO;
				SWIFT_EMIT_LOC_STRINGS = YES;
				SWIFT_VERSION = 5.0;
				TARGETED_DEVICE_FAMILY = "1,2";
			};
			name = Debug;
		};
		449D56522C7770AD00506295 /* Release */ = {
			isa = XCBuildConfiguration;
			buildSettings = {
				ASSETCATALOG_COMPILER_APPICON_NAME = AppIcon;
				ASSETCATALOG_COMPILER_GLOBAL_ACCENT_COLOR_NAME = AccentColor;
				CODE_SIGN_STYLE = Automatic;
				CURRENT_PROJECT_VERSION = 1;
				GENERATE_INFOPLIST_FILE = YES;
				INFOPLIST_FILE = MoviesBrowser/Info.plist;
				INFOPLIST_KEY_UIApplicationSupportsIndirectInputEvents = YES;
				INFOPLIST_KEY_UILaunchStoryboardName = LaunchScreen;
				INFOPLIST_KEY_UIMainStoryboardFile = Main;
				INFOPLIST_KEY_UISupportedInterfaceOrientations_iPad = "UIInterfaceOrientationPortrait UIInterfaceOrientationPortraitUpsideDown UIInterfaceOrientationLandscapeLeft UIInterfaceOrientationLandscapeRight";
				INFOPLIST_KEY_UISupportedInterfaceOrientations_iPhone = "UIInterfaceOrientationPortrait UIInterfaceOrientationLandscapeLeft UIInterfaceOrientationLandscapeRight";
				LD_RUNPATH_SEARCH_PATHS = (
					"$(inherited)",
					"@executable_path/Frameworks",
				);
				MARKETING_VERSION = 1.0;
				PRODUCT_BUNDLE_IDENTIFIER = Eugene.MoviesBrowser;
				PRODUCT_NAME = "$(TARGET_NAME)";
				SUPPORTED_PLATFORMS = "iphoneos iphonesimulator";
				SUPPORTS_MACCATALYST = NO;
				SUPPORTS_XR_DESIGNED_FOR_IPHONE_IPAD = NO;
				SWIFT_EMIT_LOC_STRINGS = YES;
				SWIFT_VERSION = 5.0;
				TARGETED_DEVICE_FAMILY = "1,2";
			};
			name = Release;
		};
		44AFD4FE2C89F0E9009520B3 /* Debug */ = {
			isa = XCBuildConfiguration;
			buildSettings = {
				BUNDLE_LOADER = "$(TEST_HOST)";
				CODE_SIGN_STYLE = Automatic;
				CURRENT_PROJECT_VERSION = 1;
				GENERATE_INFOPLIST_FILE = YES;
				MARKETING_VERSION = 1.0;
				PRODUCT_BUNDLE_IDENTIFIER = Eugene.MBMoviesTests;
				PRODUCT_NAME = "$(TARGET_NAME)";
				SUPPORTED_PLATFORMS = "iphoneos iphonesimulator";
				SUPPORTS_MACCATALYST = YES;
				SUPPORTS_XR_DESIGNED_FOR_IPHONE_IPAD = NO;
				SWIFT_EMIT_LOC_STRINGS = NO;
				SWIFT_VERSION = 5.0;
				TARGETED_DEVICE_FAMILY = "1,2";
				TEST_HOST = "$(BUILT_PRODUCTS_DIR)/MoviesBrowser.app/$(BUNDLE_EXECUTABLE_FOLDER_PATH)/MoviesBrowser";
			};
			name = Debug;
		};
		44AFD4FF2C89F0E9009520B3 /* Release */ = {
			isa = XCBuildConfiguration;
			buildSettings = {
				BUNDLE_LOADER = "$(TEST_HOST)";
				CODE_SIGN_STYLE = Automatic;
				CURRENT_PROJECT_VERSION = 1;
				GENERATE_INFOPLIST_FILE = YES;
				MARKETING_VERSION = 1.0;
				PRODUCT_BUNDLE_IDENTIFIER = Eugene.MBMoviesTests;
				PRODUCT_NAME = "$(TARGET_NAME)";
				SUPPORTED_PLATFORMS = "iphoneos iphonesimulator";
				SUPPORTS_MACCATALYST = YES;
				SUPPORTS_XR_DESIGNED_FOR_IPHONE_IPAD = NO;
				SWIFT_EMIT_LOC_STRINGS = NO;
				SWIFT_VERSION = 5.0;
				TARGETED_DEVICE_FAMILY = "1,2";
				TEST_HOST = "$(BUILT_PRODUCTS_DIR)/MoviesBrowser.app/$(BUNDLE_EXECUTABLE_FOLDER_PATH)/MoviesBrowser";
			};
			name = Release;
		};
/* End XCBuildConfiguration section */

/* Begin XCConfigurationList section */
		449D56212C7770A700506295 /* Build configuration list for PBXProject "MoviesBrowser" */ = {
			isa = XCConfigurationList;
			buildConfigurations = (
				449D564E2C7770AD00506295 /* Debug */,
				449D564F2C7770AD00506295 /* Release */,
			);
			defaultConfigurationIsVisible = 0;
			defaultConfigurationName = Release;
		};
		449D56502C7770AD00506295 /* Build configuration list for PBXNativeTarget "MoviesBrowser" */ = {
			isa = XCConfigurationList;
			buildConfigurations = (
				449D56512C7770AD00506295 /* Debug */,
				449D56522C7770AD00506295 /* Release */,
			);
			defaultConfigurationIsVisible = 0;
			defaultConfigurationName = Release;
		};
		44AFD4FD2C89F0E9009520B3 /* Build configuration list for PBXNativeTarget "MBMoviesTests" */ = {
			isa = XCConfigurationList;
			buildConfigurations = (
				44AFD4FE2C89F0E9009520B3 /* Debug */,
				44AFD4FF2C89F0E9009520B3 /* Release */,
			);
			defaultConfigurationIsVisible = 0;
			defaultConfigurationName = Release;
		};
/* End XCConfigurationList section */

/* Begin XCRemoteSwiftPackageReference section */
		449D56682C7A447F00506295 /* XCRemoteSwiftPackageReference "Swinject" */ = {
			isa = XCRemoteSwiftPackageReference;
			repositoryURL = "https://github.com/Swinject/Swinject.git";
			requirement = {
				kind = upToNextMajorVersion;
				minimumVersion = 2.9.1;
			};
		};
		449D56702C7CC25900506295 /* XCRemoteSwiftPackageReference "SnapKit" */ = {
			isa = XCRemoteSwiftPackageReference;
			repositoryURL = "https://github.com/SnapKit/SnapKit.git";
			requirement = {
				kind = upToNextMajorVersion;
				minimumVersion = 5.7.1;
			};
		};
/* End XCRemoteSwiftPackageReference section */

/* Begin XCSwiftPackageProductDependency section */
		449D56692C7A447F00506295 /* Swinject */ = {
			isa = XCSwiftPackageProductDependency;
			package = 449D56682C7A447F00506295 /* XCRemoteSwiftPackageReference "Swinject" */;
			productName = Swinject;
		};
		449D566E2C7A44A000506295 /* MBMovies */ = {
			isa = XCSwiftPackageProductDependency;
			productName = MBMovies;
		};
		449D56712C7CC25900506295 /* SnapKit */ = {
			isa = XCSwiftPackageProductDependency;
			package = 449D56702C7CC25900506295 /* XCRemoteSwiftPackageReference "SnapKit" */;
			productName = SnapKit;
		};
		44A295162C95C84F0090B831 /* MBMovies */ = {
			isa = XCSwiftPackageProductDependency;
			productName = MBMovies;
		};
		44A2951A2C95CC250090B831 /* MBMovies */ = {
			isa = XCSwiftPackageProductDependency;
			productName = MBMovies;
		};
/* End XCSwiftPackageProductDependency section */
	};
	rootObject = 449D561E2C7770A700506295 /* Project object */;
}
